
Microsoft Visual Studio Solution File, Format Version 12.00
# Visual Studio Version 17
VisualStudioVersion = 17.0.31903.59
MinimumVisualStudioVersion = 10.0.40219.1
Project("{FAE04EC0-301F-11D3-BF4B-00C04F79EFBC}") = "GamePulse.Core", "GamePulse.Core\GamePulse.Core.csproj", "{627EAF8B-B20F-9622-CC18-B030F93C702B}"
EndProject
Project("{FAE04EC0-301F-11D3-BF4B-00C04F79EFBC}") = "GamePulse.Application", "GamePulse.Application\GamePulse.Application.csproj", "{B387EE6D-DE76-42A2-967F-27AF7375782D}"
EndProject
Project("{FAE04EC0-301F-11D3-BF4B-00C04F79EFBC}") = "GamePulse.Infrastructure", "GamePulse.Infrastructure\GamePulse.Infrastructure.csproj", "{F418C359-033F-49B3-94A1-093280620FCA}"
EndProject
Project("{FAE04EC0-301F-11D3-BF4B-00C04F79EFBC}") = "GamePulse.API", "GamePulse.API\GamePulse.API.csproj", "{09D32745-8E14-439A-9DA1-CE321A12A143}"
EndProject
Global
	GlobalSection(SolutionConfigurationPlatforms) = preSolution
		Debug|Any CPU = Debug|Any CPU
		Release|Any CPU = Release|Any CPU
	EndGlobalSection
	GlobalSection(ProjectConfigurationPlatforms) = postSolution
		{627EAF8B-B20F-9622-CC18-B030F93C702B}.Debug|Any CPU.ActiveCfg = Debug|Any CPU
		{627EAF8B-B20F-9622-CC18-B030F93C702B}.Debug|Any CPU.Build.0 = Debug|Any CPU
		{627EAF8B-B20F-9622-CC18-B030F93C702B}.Release|Any CPU.ActiveCfg = Release|Any CPU
		{627EAF8B-B20F-9622-CC18-B030F93C702B}.Release|Any CPU.Build.0 = Release|Any CPU
		{B387EE6D-DE76-42A2-967F-27AF7375782D}.Debug|Any CPU.ActiveCfg = Debug|Any CPU
		{B387EE6D-DE76-42A2-967F-27AF7375782D}.Debug|Any CPU.Build.0 = Debug|Any CPU
		{B387EE6D-DE76-42A2-967F-27AF7375782D}.Release|Any CPU.ActiveCfg = Release|Any CPU
		{B387EE6D-DE76-42A2-967F-27AF7375782D}.Release|Any CPU.Build.0 = Release|Any CPU
		{F418C359-033F-49B3-94A1-093280620FCA}.Debug|Any CPU.ActiveCfg = Debug|Any CPU
		{F418C359-033F-49B3-94A1-093280620FCA}.Debug|Any CPU.Build.0 = Debug|Any CPU
		{F418C359-033F-49B3-94A1-093280620FCA}.Release|Any CPU.ActiveCfg = Release|Any CPU
		{F418C359-033F-49B3-94A1-093280620FCA}.Release|Any CPU.Build.0 = Release|Any CPU
		{09D32745-8E14-439A-9DA1-CE321A12A143}.Debug|Any CPU.ActiveCfg = Debug|Any CPU
		{09D32745-8E14-439A-9DA1-CE321A12A143}.Debug|Any CPU.Build.0 = Debug|Any CPU
		{09D32745-8E14-439A-9DA1-CE321A12A143}.Release|Any CPU.ActiveCfg = Release|Any CPU
		{09D32745-8E14-439A-9DA1-CE321A12A143}.Release|Any CPU.Build.0 = Release|Any CPU
	EndGlobalSection
	GlobalSection(SolutionProperties) = preSolution
		HideSolutionNode = FALSE
	EndGlobalSection
	GlobalSection(ExtensibilityGlobals) = postSolution
		SolutionGuid = {735CD466-9B04-44BB-9EA1-99520CDE14BE}
	EndGlobalSection
EndGlobal
